
Microsoft Visual Studio Solution File, Format Version 11.00
# Visual C++ Express 2010
Project("{8BC9CEB8-8B4A-11D0-8D11-00A0C91BC942}") = "log-converter", "log-converter.vcxproj", "{A262E944-6AD8-44DA-9947-B52C5C5EBCEF}"
EndProject
Global
	GlobalSection(SolutionConfigurationPlatforms) = preSolution
		Debug|Win32 = Debug|Win32
		Release|Win32 = Release|Win32
	EndGlobalSection
	GlobalSection(ProjectConfigurationPlatforms) = postSolution
		{A262E944-6AD8-44DA-9947-B52C5C5EBCEF}.Debug|Win32.ActiveCfg = Debug|Win32
		{A262E944-6AD8-44DA-9947-B52C5C5EBCEF}.Debug|Win32.Build.0 = Debug|Win32
		{A262E944-6AD8-44DA-9947-B52C5C5EBCEF}.Release|Win32.ActiveCfg = Release|Win32
		{A262E944-6AD8-44DA-9947-B52C5C5EBCEF}.Release|Win32.Build.0 = Release|Win32
	EndGlobalSection
	GlobalSection(SolutionProperties) = preSolution
		HideSolutionNode = FALSE
	EndGlobalSection
EndGlobal
